
Microsoft Visual Studio Solution File, Format Version 11.00
# Visual Studio 2010
Project("{FAE04EC0-301F-11D3-BF4B-00C04F79EFBC}") = "PutkEd", "PutkEd\PutkEd.csproj", "{168A9417-EB78-4C88-B52F-A5BC0D5C0D61}"
EndProject
Global
	GlobalSection(SolutionConfigurationPlatforms) = preSolution
		Debug|x86 = Debug|x86
		Release|x86 = Release|x86
	EndGlobalSection
	GlobalSection(ProjectConfigurationPlatforms) = postSolution
		{168A9417-EB78-4C88-B52F-A5BC0D5C0D61}.Debug|x86.ActiveCfg = Debug|x86
		{168A9417-EB78-4C88-B52F-A5BC0D5C0D61}.Debug|x86.Build.0 = Debug|x86
		{168A9417-EB78-4C88-B52F-A5BC0D5C0D61}.Release|x86.ActiveCfg = Release|x86
		{168A9417-EB78-4C88-B52F-A5BC0D5C0D61}.Release|x86.Build.0 = Release|x86
	EndGlobalSection
	GlobalSection(MonoDevelopProperties) = preSolution
		StartupItem = PutkEd\PutkEd.csproj
	EndGlobalSection
EndGlobal
