
Microsoft Visual Studio Solution File, Format Version 12.00
# Visual Studio 2012
Project("{8BC9CEB8-8B4A-11D0-8D11-00A0C91BC942}") = "monoedinterop", "monoedinterop.vcxproj", "{683BD95A-D4FB-5491-9D36-9E0E09B6996D}"
EndProject
Global
	GlobalSection(SolutionConfigurationPlatforms) = preSolution
		Release|Win32 = Release|Win32
	EndGlobalSection
	GlobalSection(ProjectConfigurationPlatforms) = postSolution
		{683BD95A-D4FB-5491-9D36-9E0E09B6996D}.Release|Win32.ActiveCfg = Release|Win32
		{683BD95A-D4FB-5491-9D36-9E0E09B6996D}.Release|Win32.Build.0 = Release|Win32
	EndGlobalSection
	GlobalSection(SolutionProperties) = preSolution
		HideSolutionNode = FALSE
	EndGlobalSection
EndGlobal
