
Microsoft Visual Studio Solution File, Format Version 11.00
# Visual Studio 2010
Project("{FAE04EC0-301F-11D3-BF4B-00C04F79EFBC}") = "ccgui-putked-plugin", "ccgui-putked-plugin\ccgui-putked-plugin.csproj", "{7002CF71-62EA-463B-B48B-DC71EBFD2CA0}"
EndProject
Project("{2150E333-8FDC-42A3-9474-1A3956D46DE8}") = "New Folder", "New Folder", "{D3F03160-334F-464F-B560-647405B48EA5}"
EndProject
Global
	GlobalSection(SolutionConfigurationPlatforms) = preSolution
		Debug|x86 = Debug|x86
		Release|x86 = Release|x86
		Debug/x64|x86 = Debug/x64|x86
	EndGlobalSection
	GlobalSection(ProjectConfigurationPlatforms) = postSolution
		{7002CF71-62EA-463B-B48B-DC71EBFD2CA0}.Debug/x64|x86.ActiveCfg = Debug|x86
		{7002CF71-62EA-463B-B48B-DC71EBFD2CA0}.Debug/x64|x86.Build.0 = Debug|x86
		{7002CF71-62EA-463B-B48B-DC71EBFD2CA0}.Debug|x86.ActiveCfg = Debug|x86
		{7002CF71-62EA-463B-B48B-DC71EBFD2CA0}.Debug|x86.Build.0 = Debug|x86
		{7002CF71-62EA-463B-B48B-DC71EBFD2CA0}.Release|x86.ActiveCfg = Release|x86
		{7002CF71-62EA-463B-B48B-DC71EBFD2CA0}.Release|x86.Build.0 = Release|x86
	EndGlobalSection
	GlobalSection(NestedProjects) = preSolution
	EndGlobalSection
	GlobalSection(MonoDevelopProperties) = preSolution
		StartupItem = ccgui-putked-plugin\ccgui-putked-plugin.csproj
	EndGlobalSection
EndGlobal
